
Microsoft Visual Studio Solution File, Format Version 12.00
# Visual Studio Version 16
VisualStudioVersion = 16.0.30114.105
MinimumVisualStudioVersion = 10.0.40219.1
Project("{FAE04EC0-301F-11D3-BF4B-00C04F79EFBC}") = "API", "API\API.csproj", "{3EB16599-2B60-4258-BC78-EAF9396CC5B3}"
EndProject
Project("{FAE04EC0-301F-11D3-BF4B-00C04F79EFBC}") = "Core", "Core\Core.csproj", "{5E4602DB-9840-4F47-BC46-D9784549477A}"
EndProject
Project("{FAE04EC0-301F-11D3-BF4B-00C04F79EFBC}") = "Infrastructure", "Infrastructure\Infrastructure.csproj", "{2DA95A73-9A3B-4A39-B091-E0DDDDA67869}"
EndProject
Global
	GlobalSection(SolutionConfigurationPlatforms) = preSolution
		Debug|Any CPU = Debug|Any CPU
		Debug|x64 = Debug|x64
		Debug|x86 = Debug|x86
		Release|Any CPU = Release|Any CPU
		Release|x64 = Release|x64
		Release|x86 = Release|x86
	EndGlobalSection
	GlobalSection(SolutionProperties) = preSolution
		HideSolutionNode = FALSE
	EndGlobalSection
	GlobalSection(ProjectConfigurationPlatforms) = postSolution
		{3EB16599-2B60-4258-BC78-EAF9396CC5B3}.Debug|Any CPU.ActiveCfg = Debug|Any CPU
		{3EB16599-2B60-4258-BC78-EAF9396CC5B3}.Debug|Any CPU.Build.0 = Debug|Any CPU
		{3EB16599-2B60-4258-BC78-EAF9396CC5B3}.Debug|x64.ActiveCfg = Debug|Any CPU
		{3EB16599-2B60-4258-BC78-EAF9396CC5B3}.Debug|x64.Build.0 = Debug|Any CPU
		{3EB16599-2B60-4258-BC78-EAF9396CC5B3}.Debug|x86.ActiveCfg = Debug|Any CPU
		{3EB16599-2B60-4258-BC78-EAF9396CC5B3}.Debug|x86.Build.0 = Debug|Any CPU
		{3EB16599-2B60-4258-BC78-EAF9396CC5B3}.Release|Any CPU.ActiveCfg = Release|Any CPU
		{3EB16599-2B60-4258-BC78-EAF9396CC5B3}.Release|Any CPU.Build.0 = Release|Any CPU
		{3EB16599-2B60-4258-BC78-EAF9396CC5B3}.Release|x64.ActiveCfg = Release|Any CPU
		{3EB16599-2B60-4258-BC78-EAF9396CC5B3}.Release|x64.Build.0 = Release|Any CPU
		{3EB16599-2B60-4258-BC78-EAF9396CC5B3}.Release|x86.ActiveCfg = Release|Any CPU
		{3EB16599-2B60-4258-BC78-EAF9396CC5B3}.Release|x86.Build.0 = Release|Any CPU
		{5E4602DB-9840-4F47-BC46-D9784549477A}.Debug|Any CPU.ActiveCfg = Debug|Any CPU
		{5E4602DB-9840-4F47-BC46-D9784549477A}.Debug|Any CPU.Build.0 = Debug|Any CPU
		{5E4602DB-9840-4F47-BC46-D9784549477A}.Debug|x64.ActiveCfg = Debug|Any CPU
		{5E4602DB-9840-4F47-BC46-D9784549477A}.Debug|x64.Build.0 = Debug|Any CPU
		{5E4602DB-9840-4F47-BC46-D9784549477A}.Debug|x86.ActiveCfg = Debug|Any CPU
		{5E4602DB-9840-4F47-BC46-D9784549477A}.Debug|x86.Build.0 = Debug|Any CPU
		{5E4602DB-9840-4F47-BC46-D9784549477A}.Release|Any CPU.ActiveCfg = Release|Any CPU
		{5E4602DB-9840-4F47-BC46-D9784549477A}.Release|Any CPU.Build.0 = Release|Any CPU
		{5E4602DB-9840-4F47-BC46-D9784549477A}.Release|x64.ActiveCfg = Release|Any CPU
		{5E4602DB-9840-4F47-BC46-D9784549477A}.Release|x64.Build.0 = Release|Any CPU
		{5E4602DB-9840-4F47-BC46-D9784549477A}.Release|x86.ActiveCfg = Release|Any CPU
		{5E4602DB-9840-4F47-BC46-D9784549477A}.Release|x86.Build.0 = Release|Any CPU
		{2DA95A73-9A3B-4A39-B091-E0DDDDA67869}.Debug|Any CPU.ActiveCfg = Debug|Any CPU
		{2DA95A73-9A3B-4A39-B091-E0DDDDA67869}.Debug|Any CPU.Build.0 = Debug|Any CPU
		{2DA95A73-9A3B-4A39-B091-E0DDDDA67869}.Debug|x64.ActiveCfg = Debug|Any CPU
		{2DA95A73-9A3B-4A39-B091-E0DDDDA67869}.Debug|x64.Build.0 = Debug|Any CPU
		{2DA95A73-9A3B-4A39-B091-E0DDDDA67869}.Debug|x86.ActiveCfg = Debug|Any CPU
		{2DA95A73-9A3B-4A39-B091-E0DDDDA67869}.Debug|x86.Build.0 = Debug|Any CPU
		{2DA95A73-9A3B-4A39-B091-E0DDDDA67869}.Release|Any CPU.ActiveCfg = Release|Any CPU
		{2DA95A73-9A3B-4A39-B091-E0DDDDA67869}.Release|Any CPU.Build.0 = Release|Any CPU
		{2DA95A73-9A3B-4A39-B091-E0DDDDA67869}.Release|x64.ActiveCfg = Release|Any CPU
		{2DA95A73-9A3B-4A39-B091-E0DDDDA67869}.Release|x64.Build.0 = Release|Any CPU
		{2DA95A73-9A3B-4A39-B091-E0DDDDA67869}.Release|x86.ActiveCfg = Release|Any CPU
		{2DA95A73-9A3B-4A39-B091-E0DDDDA67869}.Release|x86.Build.0 = Release|Any CPU
	EndGlobalSection
EndGlobal
